
Microsoft Visual Studio Solution File, Format Version 12.00
# Visual Studio 14
VisualStudioVersion = 14.0.25420.1
MinimumVisualStudioVersion = 10.0.40219.1
Project("{FAE04EC0-301F-11D3-BF4B-00C04F79EFBC}") = "Phonebook", "Phonebook\Phonebook.csproj", "{E27478F8-00AF-4552-9CE4-90FA7BA06E48}"
EndProject
Project("{FAE04EC0-301F-11D3-BF4B-00C04F79EFBC}") = "Phonebook-Upgrade", "Phonebook-Upgrade\Phonebook-Upgrade.csproj", "{CED3E73A-0375-4FEE-AE6E-C11A9252E38D}"
EndProject
Project("{FAE04EC0-301F-11D3-BF4B-00C04F79EFBC}") = "A-Miner-Task", "A-Miner-Task\A-Miner-Task.csproj", "{FEE1DF16-C19B-4203-BE99-E57FC50D6E6B}"
EndProject
Project("{FAE04EC0-301F-11D3-BF4B-00C04F79EFBC}") = "Fix-Emails", "Fix-Emails\Fix-Emails.csproj", "{C53E024B-2BCF-43F3-BE19-7ED9338926B7}"
EndProject
Project("{FAE04EC0-301F-11D3-BF4B-00C04F79EFBC}") = "A-Miner-Task-New", "A-Miner-Task-New\A-Miner-Task-New.csproj", "{3014566B-024F-4661-972D-1E4345DC7DAA}"
EndProject
Project("{FAE04EC0-301F-11D3-BF4B-00C04F79EFBC}") = "Fix-Emails-New", "Fix-Emails-New\Fix-Emails-New.csproj", "{F5088E07-4DE5-4596-BBC9-81E9EAD50A86}"
EndProject
Project("{FAE04EC0-301F-11D3-BF4B-00C04F79EFBC}") = "Hands-of-Cards", "Hands-of-Cards\Hands-of-Cards.csproj", "{E325276E-7CF7-4BDC-9CB6-562369BD1C66}"
EndProject
Project("{FAE04EC0-301F-11D3-BF4B-00C04F79EFBC}") = "Logs-Aggregator", "Logs-Aggregator\Logs-Aggregator.csproj", "{74F94F07-5515-427E-9D9B-5BE80296D28E}"
EndProject
Project("{FAE04EC0-301F-11D3-BF4B-00C04F79EFBC}") = "User-Logs", "User-Logs\User-Logs.csproj", "{E5D5332B-057B-494E-893C-C57499202024}"
EndProject
Project("{FAE04EC0-301F-11D3-BF4B-00C04F79EFBC}") = "Population-Counter", "Population-Counter\Population-Counter.csproj", "{973E5D03-1AC1-4D06-A4FF-F559346DE5F6}"
EndProject
Project("{FAE04EC0-301F-11D3-BF4B-00C04F79EFBC}") = "Legendary-Farming", "Legendary-Farming\Legendary-Farming.csproj", "{970ED15E-CEAB-4392-8636-DA4F17E1668B}"
EndProject
Project("{FAE04EC0-301F-11D3-BF4B-00C04F79EFBC}") = "Legendary-Farming-Old", "Legendary-Farming-Old\Legendary-Farming-Old.csproj", "{058DA1D3-6307-4E42-9A0C-CC9861D36783}"
EndProject
Global
	GlobalSection(SolutionConfigurationPlatforms) = preSolution
		Debug|Any CPU = Debug|Any CPU
		Release|Any CPU = Release|Any CPU
	EndGlobalSection
	GlobalSection(ProjectConfigurationPlatforms) = postSolution
		{E27478F8-00AF-4552-9CE4-90FA7BA06E48}.Debug|Any CPU.ActiveCfg = Debug|Any CPU
		{E27478F8-00AF-4552-9CE4-90FA7BA06E48}.Debug|Any CPU.Build.0 = Debug|Any CPU
		{E27478F8-00AF-4552-9CE4-90FA7BA06E48}.Release|Any CPU.ActiveCfg = Release|Any CPU
		{E27478F8-00AF-4552-9CE4-90FA7BA06E48}.Release|Any CPU.Build.0 = Release|Any CPU
		{CED3E73A-0375-4FEE-AE6E-C11A9252E38D}.Debug|Any CPU.ActiveCfg = Debug|Any CPU
		{CED3E73A-0375-4FEE-AE6E-C11A9252E38D}.Debug|Any CPU.Build.0 = Debug|Any CPU
		{CED3E73A-0375-4FEE-AE6E-C11A9252E38D}.Release|Any CPU.ActiveCfg = Release|Any CPU
		{CED3E73A-0375-4FEE-AE6E-C11A9252E38D}.Release|Any CPU.Build.0 = Release|Any CPU
		{FEE1DF16-C19B-4203-BE99-E57FC50D6E6B}.Debug|Any CPU.ActiveCfg = Debug|Any CPU
		{FEE1DF16-C19B-4203-BE99-E57FC50D6E6B}.Debug|Any CPU.Build.0 = Debug|Any CPU
		{FEE1DF16-C19B-4203-BE99-E57FC50D6E6B}.Release|Any CPU.ActiveCfg = Release|Any CPU
		{FEE1DF16-C19B-4203-BE99-E57FC50D6E6B}.Release|Any CPU.Build.0 = Release|Any CPU
		{C53E024B-2BCF-43F3-BE19-7ED9338926B7}.Debug|Any CPU.ActiveCfg = Debug|Any CPU
		{C53E024B-2BCF-43F3-BE19-7ED9338926B7}.Debug|Any CPU.Build.0 = Debug|Any CPU
		{C53E024B-2BCF-43F3-BE19-7ED9338926B7}.Release|Any CPU.ActiveCfg = Release|Any CPU
		{C53E024B-2BCF-43F3-BE19-7ED9338926B7}.Release|Any CPU.Build.0 = Release|Any CPU
		{3014566B-024F-4661-972D-1E4345DC7DAA}.Debug|Any CPU.ActiveCfg = Debug|Any CPU
		{3014566B-024F-4661-972D-1E4345DC7DAA}.Debug|Any CPU.Build.0 = Debug|Any CPU
		{3014566B-024F-4661-972D-1E4345DC7DAA}.Release|Any CPU.ActiveCfg = Release|Any CPU
		{3014566B-024F-4661-972D-1E4345DC7DAA}.Release|Any CPU.Build.0 = Release|Any CPU
		{F5088E07-4DE5-4596-BBC9-81E9EAD50A86}.Debug|Any CPU.ActiveCfg = Debug|Any CPU
		{F5088E07-4DE5-4596-BBC9-81E9EAD50A86}.Debug|Any CPU.Build.0 = Debug|Any CPU
		{F5088E07-4DE5-4596-BBC9-81E9EAD50A86}.Release|Any CPU.ActiveCfg = Release|Any CPU
		{F5088E07-4DE5-4596-BBC9-81E9EAD50A86}.Release|Any CPU.Build.0 = Release|Any CPU
		{E325276E-7CF7-4BDC-9CB6-562369BD1C66}.Debug|Any CPU.ActiveCfg = Debug|Any CPU
		{E325276E-7CF7-4BDC-9CB6-562369BD1C66}.Debug|Any CPU.Build.0 = Debug|Any CPU
		{E325276E-7CF7-4BDC-9CB6-562369BD1C66}.Release|Any CPU.ActiveCfg = Release|Any CPU
		{E325276E-7CF7-4BDC-9CB6-562369BD1C66}.Release|Any CPU.Build.0 = Release|Any CPU
		{74F94F07-5515-427E-9D9B-5BE80296D28E}.Debug|Any CPU.ActiveCfg = Debug|Any CPU
		{74F94F07-5515-427E-9D9B-5BE80296D28E}.Debug|Any CPU.Build.0 = Debug|Any CPU
		{74F94F07-5515-427E-9D9B-5BE80296D28E}.Release|Any CPU.ActiveCfg = Release|Any CPU
		{74F94F07-5515-427E-9D9B-5BE80296D28E}.Release|Any CPU.Build.0 = Release|Any CPU
		{E5D5332B-057B-494E-893C-C57499202024}.Debug|Any CPU.ActiveCfg = Debug|Any CPU
		{E5D5332B-057B-494E-893C-C57499202024}.Debug|Any CPU.Build.0 = Debug|Any CPU
		{E5D5332B-057B-494E-893C-C57499202024}.Release|Any CPU.ActiveCfg = Release|Any CPU
		{E5D5332B-057B-494E-893C-C57499202024}.Release|Any CPU.Build.0 = Release|Any CPU
		{973E5D03-1AC1-4D06-A4FF-F559346DE5F6}.Debug|Any CPU.ActiveCfg = Debug|Any CPU
		{973E5D03-1AC1-4D06-A4FF-F559346DE5F6}.Debug|Any CPU.Build.0 = Debug|Any CPU
		{973E5D03-1AC1-4D06-A4FF-F559346DE5F6}.Release|Any CPU.ActiveCfg = Release|Any CPU
		{973E5D03-1AC1-4D06-A4FF-F559346DE5F6}.Release|Any CPU.Build.0 = Release|Any CPU
		{970ED15E-CEAB-4392-8636-DA4F17E1668B}.Debug|Any CPU.ActiveCfg = Debug|Any CPU
		{970ED15E-CEAB-4392-8636-DA4F17E1668B}.Debug|Any CPU.Build.0 = Debug|Any CPU
		{970ED15E-CEAB-4392-8636-DA4F17E1668B}.Release|Any CPU.ActiveCfg = Release|Any CPU
		{970ED15E-CEAB-4392-8636-DA4F17E1668B}.Release|Any CPU.Build.0 = Release|Any CPU
		{058DA1D3-6307-4E42-9A0C-CC9861D36783}.Debug|Any CPU.ActiveCfg = Debug|Any CPU
		{058DA1D3-6307-4E42-9A0C-CC9861D36783}.Debug|Any CPU.Build.0 = Debug|Any CPU
		{058DA1D3-6307-4E42-9A0C-CC9861D36783}.Release|Any CPU.ActiveCfg = Release|Any CPU
		{058DA1D3-6307-4E42-9A0C-CC9861D36783}.Release|Any CPU.Build.0 = Release|Any CPU
	EndGlobalSection
	GlobalSection(SolutionProperties) = preSolution
		HideSolutionNode = FALSE
	EndGlobalSection
EndGlobal
