
Microsoft Visual Studio Solution File, Format Version 12.00
# Visual Studio 14
VisualStudioVersion = 14.0.25123.0
MinimumVisualStudioVersion = 10.0.40219.1
Project("{FAE04EC0-301F-11D3-BF4B-00C04F79EFBC}") = "P01.SweetDessert", "P01.SweetDessert\P01.SweetDessert.csproj", "{B82391D4-C30E-4A69-B70C-51618B0FEB81}"
EndProject
Project("{FAE04EC0-301F-11D3-BF4B-00C04F79EFBC}") = "P02. ArrayManipulator", "P02. ArrayManipulator\P02. ArrayManipulator.csproj", "{18345744-E686-4776-9483-40E647B0F0A2}"
EndProject
Project("{FAE04EC0-301F-11D3-BF4B-00C04F79EFBC}") = "P03. FootballLeague", "P03. FootballLeague\P03. FootballLeague.csproj", "{2E7062E6-A170-4B6F-86D1-B54BAFF4A851}"
EndProject
Project("{FAE04EC0-301F-11D3-BF4B-00C04F79EFBC}") = "P04. CubicMessages", "P04. CubicMessages\P04. CubicMessages.csproj", "{6AC47356-C7AA-425A-AB7A-AB34CC33B3CA}"
EndProject
Global
	GlobalSection(SolutionConfigurationPlatforms) = preSolution
		Debug|Any CPU = Debug|Any CPU
		Release|Any CPU = Release|Any CPU
	EndGlobalSection
	GlobalSection(ProjectConfigurationPlatforms) = postSolution
		{B82391D4-C30E-4A69-B70C-51618B0FEB81}.Debug|Any CPU.ActiveCfg = Debug|Any CPU
		{B82391D4-C30E-4A69-B70C-51618B0FEB81}.Debug|Any CPU.Build.0 = Debug|Any CPU
		{B82391D4-C30E-4A69-B70C-51618B0FEB81}.Release|Any CPU.ActiveCfg = Release|Any CPU
		{B82391D4-C30E-4A69-B70C-51618B0FEB81}.Release|Any CPU.Build.0 = Release|Any CPU
		{18345744-E686-4776-9483-40E647B0F0A2}.Debug|Any CPU.ActiveCfg = Debug|Any CPU
		{18345744-E686-4776-9483-40E647B0F0A2}.Debug|Any CPU.Build.0 = Debug|Any CPU
		{18345744-E686-4776-9483-40E647B0F0A2}.Release|Any CPU.ActiveCfg = Release|Any CPU
		{18345744-E686-4776-9483-40E647B0F0A2}.Release|Any CPU.Build.0 = Release|Any CPU
		{2E7062E6-A170-4B6F-86D1-B54BAFF4A851}.Debug|Any CPU.ActiveCfg = Debug|Any CPU
		{2E7062E6-A170-4B6F-86D1-B54BAFF4A851}.Debug|Any CPU.Build.0 = Debug|Any CPU
		{2E7062E6-A170-4B6F-86D1-B54BAFF4A851}.Release|Any CPU.ActiveCfg = Release|Any CPU
		{2E7062E6-A170-4B6F-86D1-B54BAFF4A851}.Release|Any CPU.Build.0 = Release|Any CPU
		{6AC47356-C7AA-425A-AB7A-AB34CC33B3CA}.Debug|Any CPU.ActiveCfg = Debug|Any CPU
		{6AC47356-C7AA-425A-AB7A-AB34CC33B3CA}.Debug|Any CPU.Build.0 = Debug|Any CPU
		{6AC47356-C7AA-425A-AB7A-AB34CC33B3CA}.Release|Any CPU.ActiveCfg = Release|Any CPU
		{6AC47356-C7AA-425A-AB7A-AB34CC33B3CA}.Release|Any CPU.Build.0 = Release|Any CPU
	EndGlobalSection
	GlobalSection(SolutionProperties) = preSolution
		HideSolutionNode = FALSE
	EndGlobalSection
EndGlobal
