
Microsoft Visual Studio Solution File, Format Version 12.00
# Visual Studio 14
VisualStudioVersion = 14.0.25420.1
MinimumVisualStudioVersion = 10.0.40219.1
Project("{FAE04EC0-301F-11D3-BF4B-00C04F79EFBC}") = "Football-League", "Football-League\Football-League.csproj", "{7C0D168A-5B11-4642-A743-DA4F9465685B}"
EndProject
Project("{FAE04EC0-301F-11D3-BF4B-00C04F79EFBC}") = "Cubic-Messages", "Cubic-Messages\Cubic-Messages.csproj", "{658490E9-D971-4E59-BD4D-FC9F3AAC731F}"
EndProject
Project("{FAE04EC0-301F-11D3-BF4B-00C04F79EFBC}") = "Cubic-Messages-with-Char.IsDigit", "Cubic-Messages-with-Char.IsDigit\Cubic-Messages-with-Char.IsDigit.csproj", "{194441DC-6CBD-4915-8EA1-E7C09714E1F4}"
EndProject
Project("{FAE04EC0-301F-11D3-BF4B-00C04F79EFBC}") = "Football-League-with-Index-Of", "Football-League-with-Index-Of\Football-League-with-Index-Of.csproj", "{E6DA53C7-DF68-4E36-BCFA-F34FD5BCE439}"
EndProject
Project("{FAE04EC0-301F-11D3-BF4B-00C04F79EFBC}") = "Array-Manipulator", "Array-Manipulator\Array-Manipulator.csproj", "{A255601E-226E-4D5B-9F21-73D54635462E}"
EndProject
Global
	GlobalSection(SolutionConfigurationPlatforms) = preSolution
		Debug|Any CPU = Debug|Any CPU
		Release|Any CPU = Release|Any CPU
	EndGlobalSection
	GlobalSection(ProjectConfigurationPlatforms) = postSolution
		{7C0D168A-5B11-4642-A743-DA4F9465685B}.Debug|Any CPU.ActiveCfg = Debug|Any CPU
		{7C0D168A-5B11-4642-A743-DA4F9465685B}.Debug|Any CPU.Build.0 = Debug|Any CPU
		{7C0D168A-5B11-4642-A743-DA4F9465685B}.Release|Any CPU.ActiveCfg = Release|Any CPU
		{7C0D168A-5B11-4642-A743-DA4F9465685B}.Release|Any CPU.Build.0 = Release|Any CPU
		{658490E9-D971-4E59-BD4D-FC9F3AAC731F}.Debug|Any CPU.ActiveCfg = Debug|Any CPU
		{658490E9-D971-4E59-BD4D-FC9F3AAC731F}.Debug|Any CPU.Build.0 = Debug|Any CPU
		{658490E9-D971-4E59-BD4D-FC9F3AAC731F}.Release|Any CPU.ActiveCfg = Release|Any CPU
		{658490E9-D971-4E59-BD4D-FC9F3AAC731F}.Release|Any CPU.Build.0 = Release|Any CPU
		{194441DC-6CBD-4915-8EA1-E7C09714E1F4}.Debug|Any CPU.ActiveCfg = Debug|Any CPU
		{194441DC-6CBD-4915-8EA1-E7C09714E1F4}.Debug|Any CPU.Build.0 = Debug|Any CPU
		{194441DC-6CBD-4915-8EA1-E7C09714E1F4}.Release|Any CPU.ActiveCfg = Release|Any CPU
		{194441DC-6CBD-4915-8EA1-E7C09714E1F4}.Release|Any CPU.Build.0 = Release|Any CPU
		{E6DA53C7-DF68-4E36-BCFA-F34FD5BCE439}.Debug|Any CPU.ActiveCfg = Debug|Any CPU
		{E6DA53C7-DF68-4E36-BCFA-F34FD5BCE439}.Debug|Any CPU.Build.0 = Debug|Any CPU
		{E6DA53C7-DF68-4E36-BCFA-F34FD5BCE439}.Release|Any CPU.ActiveCfg = Release|Any CPU
		{E6DA53C7-DF68-4E36-BCFA-F34FD5BCE439}.Release|Any CPU.Build.0 = Release|Any CPU
		{A255601E-226E-4D5B-9F21-73D54635462E}.Debug|Any CPU.ActiveCfg = Debug|Any CPU
		{A255601E-226E-4D5B-9F21-73D54635462E}.Debug|Any CPU.Build.0 = Debug|Any CPU
		{A255601E-226E-4D5B-9F21-73D54635462E}.Release|Any CPU.ActiveCfg = Release|Any CPU
		{A255601E-226E-4D5B-9F21-73D54635462E}.Release|Any CPU.Build.0 = Release|Any CPU
	EndGlobalSection
	GlobalSection(SolutionProperties) = preSolution
		HideSolutionNode = FALSE
	EndGlobalSection
EndGlobal
